
Microsoft Visual Studio Solution File, Format Version 12.00
# Visual Studio Version 17
VisualStudioVersion = 17.5.33414.496
MinimumVisualStudioVersion = 10.0.40219.1
Project("{9A19103F-16F7-4668-BE54-9A1E7A4F7556}") = "eShopSolution.WebApp", "eShopSolution.WebApp\eShopSolution.WebApp.csproj", "{D5E7FE72-AA58-48A0-AA36-499C0675E7FA}"
EndProject
Project("{2150E333-8FDC-42A3-9474-1A3956D46DE8}") = "Solution Items", "Solution Items", "{07C48567-582C-4858-99AC-D0C47A0E35D6}"
	ProjectSection(SolutionItems) = preProject
		README.md = README.md
	EndProjectSection
EndProject
Project("{FAE04EC0-301F-11D3-BF4B-00C04F79EFBC}") = "eShopSolution.Data", "eShopSolution.Data\eShopSolution.Data.csproj", "{0A380E4E-3352-49C8-8DAC-3C0F6361F85D}"
EndProject
Project("{FAE04EC0-301F-11D3-BF4B-00C04F79EFBC}") = "eShopSolution.Application", "eShopSolution.Application\eShopSolution.Application.csproj", "{EB6FC083-3A27-4F1E-934A-DE95BFA03F3B}"
EndProject
Global
	GlobalSection(SolutionConfigurationPlatforms) = preSolution
		Debug|Any CPU = Debug|Any CPU
		Release|Any CPU = Release|Any CPU
	EndGlobalSection
	GlobalSection(ProjectConfigurationPlatforms) = postSolution
		{D5E7FE72-AA58-48A0-AA36-499C0675E7FA}.Debug|Any CPU.ActiveCfg = Debug|Any CPU
		{D5E7FE72-AA58-48A0-AA36-499C0675E7FA}.Debug|Any CPU.Build.0 = Debug|Any CPU
		{D5E7FE72-AA58-48A0-AA36-499C0675E7FA}.Release|Any CPU.ActiveCfg = Release|Any CPU
		{D5E7FE72-AA58-48A0-AA36-499C0675E7FA}.Release|Any CPU.Build.0 = Release|Any CPU
		{0A380E4E-3352-49C8-8DAC-3C0F6361F85D}.Debug|Any CPU.ActiveCfg = Debug|Any CPU
		{0A380E4E-3352-49C8-8DAC-3C0F6361F85D}.Debug|Any CPU.Build.0 = Debug|Any CPU
		{0A380E4E-3352-49C8-8DAC-3C0F6361F85D}.Release|Any CPU.ActiveCfg = Release|Any CPU
		{0A380E4E-3352-49C8-8DAC-3C0F6361F85D}.Release|Any CPU.Build.0 = Release|Any CPU
		{EB6FC083-3A27-4F1E-934A-DE95BFA03F3B}.Debug|Any CPU.ActiveCfg = Debug|Any CPU
		{EB6FC083-3A27-4F1E-934A-DE95BFA03F3B}.Debug|Any CPU.Build.0 = Debug|Any CPU
		{EB6FC083-3A27-4F1E-934A-DE95BFA03F3B}.Release|Any CPU.ActiveCfg = Release|Any CPU
		{EB6FC083-3A27-4F1E-934A-DE95BFA03F3B}.Release|Any CPU.Build.0 = Release|Any CPU
	EndGlobalSection
	GlobalSection(SolutionProperties) = preSolution
		HideSolutionNode = FALSE
	EndGlobalSection
	GlobalSection(ExtensibilityGlobals) = postSolution
		SolutionGuid = {2C6BE7C9-24F0-4DDA-AAF7-70902A6B3B16}
	EndGlobalSection
EndGlobal
