
Microsoft Visual Studio Solution File, Format Version 12.00
# Visual Studio Version 17
VisualStudioVersion = 17.5.33414.496
MinimumVisualStudioVersion = 10.0.40219.1
Project("{FAE04EC0-301F-11D3-BF4B-00C04F79EFBC}") = "eShopSolution.WebApp", "eShopSolution.WebApp\eShopSolution.WebApp.csproj", "{D5E7FE72-AA58-48A0-AA36-499C0675E7FA}"
EndProject
Global
	GlobalSection(SolutionConfigurationPlatforms) = preSolution
		Debug|Any CPU = Debug|Any CPU
		Release|Any CPU = Release|Any CPU
	EndGlobalSection
	GlobalSection(ProjectConfigurationPlatforms) = postSolution
		{D5E7FE72-AA58-48A0-AA36-499C0675E7FA}.Debug|Any CPU.ActiveCfg = Debug|Any CPU
		{D5E7FE72-AA58-48A0-AA36-499C0675E7FA}.Debug|Any CPU.Build.0 = Debug|Any CPU
		{D5E7FE72-AA58-48A0-AA36-499C0675E7FA}.Release|Any CPU.ActiveCfg = Release|Any CPU
		{D5E7FE72-AA58-48A0-AA36-499C0675E7FA}.Release|Any CPU.Build.0 = Release|Any CPU
	EndGlobalSection
	GlobalSection(SolutionProperties) = preSolution
		HideSolutionNode = FALSE
	EndGlobalSection
	GlobalSection(ExtensibilityGlobals) = postSolution
		SolutionGuid = {2C6BE7C9-24F0-4DDA-AAF7-70902A6B3B16}
	EndGlobalSection
EndGlobal
